{
  "name": "user",
  "version": "1.1.1",
  "lockfileVersion": 1,
  "requires": true,
  "dependencies": {
    "dummy_style_guide": {
      "version": "3.0.0",
      "resolved": "http://localhost:8081/repository/dummy_style_guide/dummy_style_guide/-/dummy_style_guide-3.0.0.tgz",
      "integrity": "sha512-AR/lD3E5HCKGSX+2l5QzqfipLOOxZ3d89UBNTy8G2qUADsd3FY5nZBQPwppqsdHjW+hAe5j72g25+9qEGp3mWg=="
    }
  }
}
